
Microsoft Visual Studio Solution File, Format Version 12.00
# Visual Studio 14
VisualStudioVersion = 14.0.25420.1
MinimumVisualStudioVersion = 10.0.40219.1
Project("{FAE04EC0-301F-11D3-BF4B-00C04F79EFBC}") = "sqlstress", "sqlstress\sqlstress.csproj", "{60B77BA8-0F02-4CFA-BD8B-6338D970D510}"
EndProject
Project("{FAE04EC0-301F-11D3-BF4B-00C04F79EFBC}") = "ScintillaNET", "ScintillaNET\ScintillaNET.csproj", "{22AE2386-60F1-476E-9303-61CDB0AAC4CF}"
EndProject
Global
	GlobalSection(SolutionConfigurationPlatforms) = preSolution
		Debug|Any CPU = Debug|Any CPU
		Debug|x86 = Debug|x86
		Release|Any CPU = Release|Any CPU
		Release|x86 = Release|x86
	EndGlobalSection
	GlobalSection(ProjectConfigurationPlatforms) = postSolution
		{60B77BA8-0F02-4CFA-BD8B-6338D970D510}.Debug|Any CPU.ActiveCfg = Debug|x86
		{60B77BA8-0F02-4CFA-BD8B-6338D970D510}.Debug|Any CPU.Build.0 = Debug|x86
		{60B77BA8-0F02-4CFA-BD8B-6338D970D510}.Debug|x86.ActiveCfg = Debug|x86
		{60B77BA8-0F02-4CFA-BD8B-6338D970D510}.Debug|x86.Build.0 = Debug|x86
		{60B77BA8-0F02-4CFA-BD8B-6338D970D510}.Release|Any CPU.ActiveCfg = Release|x86
		{60B77BA8-0F02-4CFA-BD8B-6338D970D510}.Release|Any CPU.Build.0 = Release|x86
		{60B77BA8-0F02-4CFA-BD8B-6338D970D510}.Release|x86.ActiveCfg = Release|x86
		{60B77BA8-0F02-4CFA-BD8B-6338D970D510}.Release|x86.Build.0 = Release|x86
		{22AE2386-60F1-476E-9303-61CDB0AAC4CF}.Debug|Any CPU.ActiveCfg = Debug|Any CPU
		{22AE2386-60F1-476E-9303-61CDB0AAC4CF}.Debug|Any CPU.Build.0 = Debug|Any CPU
		{22AE2386-60F1-476E-9303-61CDB0AAC4CF}.Debug|x86.ActiveCfg = Debug|Any CPU
		{22AE2386-60F1-476E-9303-61CDB0AAC4CF}.Debug|x86.Build.0 = Debug|Any CPU
		{22AE2386-60F1-476E-9303-61CDB0AAC4CF}.Release|Any CPU.ActiveCfg = Release|Any CPU
		{22AE2386-60F1-476E-9303-61CDB0AAC4CF}.Release|Any CPU.Build.0 = Release|Any CPU
		{22AE2386-60F1-476E-9303-61CDB0AAC4CF}.Release|x86.ActiveCfg = Release|Any CPU
		{22AE2386-60F1-476E-9303-61CDB0AAC4CF}.Release|x86.Build.0 = Release|Any CPU
	EndGlobalSection
	GlobalSection(SolutionProperties) = preSolution
		HideSolutionNode = FALSE
	EndGlobalSection
EndGlobal
